
Microsoft Visual Studio Solution File, Format Version 12.00
# Visual Studio 15
VisualStudioVersion = 15.0.28307.106
MinimumVisualStudioVersion = 10.0.40219.1
Project("{FAE04EC0-301F-11D3-BF4B-00C04F79EFBC}") = "App01_ConsultarCEP.Android", "App01_ConsultarCEP\App01_ConsultarCEP.Android\App01_ConsultarCEP.Android.csproj", "{070DCA43-9A73-4A1C-8083-18E2D98C4215}"
EndProject
Project("{FAE04EC0-301F-11D3-BF4B-00C04F79EFBC}") = "App01_ConsultarCEP.iOS", "App01_ConsultarCEP\App01_ConsultarCEP.iOS\App01_ConsultarCEP.iOS.csproj", "{F1F0A77E-F3FC-4975-9EDF-9CE336B4EE94}"
EndProject
Project("{FAE04EC0-301F-11D3-BF4B-00C04F79EFBC}") = "App01_ConsultarCEP.UWP", "App01_ConsultarCEP\App01_ConsultarCEP.UWP\App01_ConsultarCEP.UWP.csproj", "{B681EF53-89CA-43B7-9B12-A7797126342D}"
EndProject
Project("{FAE04EC0-301F-11D3-BF4B-00C04F79EFBC}") = "App01_ConsultarCEP", "App01_ConsultarCEP\App01_ConsultarCEP\App01_ConsultarCEP.csproj", "{3A73AB18-6CAD-4CF5-BB9D-87C94AFBD314}"
EndProject
Global
	GlobalSection(SolutionConfigurationPlatforms) = preSolution
		Ad-Hoc|Any CPU = Ad-Hoc|Any CPU
		Ad-Hoc|ARM = Ad-Hoc|ARM
		Ad-Hoc|iPhone = Ad-Hoc|iPhone
		Ad-Hoc|iPhoneSimulator = Ad-Hoc|iPhoneSimulator
		Ad-Hoc|x64 = Ad-Hoc|x64
		Ad-Hoc|x86 = Ad-Hoc|x86
		AppStore|Any CPU = AppStore|Any CPU
		AppStore|ARM = AppStore|ARM
		AppStore|iPhone = AppStore|iPhone
		AppStore|iPhoneSimulator = AppStore|iPhoneSimulator
		AppStore|x64 = AppStore|x64
		AppStore|x86 = AppStore|x86
		Debug|Any CPU = Debug|Any CPU
		Debug|ARM = Debug|ARM
		Debug|iPhone = Debug|iPhone
		Debug|iPhoneSimulator = Debug|iPhoneSimulator
		Debug|x64 = Debug|x64
		Debug|x86 = Debug|x86
		Release|Any CPU = Release|Any CPU
		Release|ARM = Release|ARM
		Release|iPhone = Release|iPhone
		Release|iPhoneSimulator = Release|iPhoneSimulator
		Release|x64 = Release|x64
		Release|x86 = Release|x86
	EndGlobalSection
	GlobalSection(ProjectConfigurationPlatforms) = postSolution
		{070DCA43-9A73-4A1C-8083-18E2D98C4215}.Ad-Hoc|Any CPU.ActiveCfg = Release|Any CPU
		{070DCA43-9A73-4A1C-8083-18E2D98C4215}.Ad-Hoc|Any CPU.Build.0 = Release|Any CPU
		{070DCA43-9A73-4A1C-8083-18E2D98C4215}.Ad-Hoc|Any CPU.Deploy.0 = Release|Any CPU
		{070DCA43-9A73-4A1C-8083-18E2D98C4215}.Ad-Hoc|ARM.ActiveCfg = Release|Any CPU
		{070DCA43-9A73-4A1C-8083-18E2D98C4215}.Ad-Hoc|ARM.Build.0 = Release|Any CPU
		{070DCA43-9A73-4A1C-8083-18E2D98C4215}.Ad-Hoc|ARM.Deploy.0 = Release|Any CPU
		{070DCA43-9A73-4A1C-8083-18E2D98C4215}.Ad-Hoc|iPhone.ActiveCfg = Release|Any CPU
		{070DCA43-9A73-4A1C-8083-18E2D98C4215}.Ad-Hoc|iPhone.Build.0 = Release|Any CPU
		{070DCA43-9A73-4A1C-8083-18E2D98C4215}.Ad-Hoc|iPhone.Deploy.0 = Release|Any CPU
		{070DCA43-9A73-4A1C-8083-18E2D98C4215}.Ad-Hoc|iPhoneSimulator.ActiveCfg = Release|Any CPU
		{070DCA43-9A73-4A1C-8083-18E2D98C4215}.Ad-Hoc|iPhoneSimulator.Build.0 = Release|Any CPU
		{070DCA43-9A73-4A1C-8083-18E2D98C4215}.Ad-Hoc|iPhoneSimulator.Deploy.0 = Release|Any CPU
		{070DCA43-9A73-4A1C-8083-18E2D98C4215}.Ad-Hoc|x64.ActiveCfg = Release|Any CPU
		{070DCA43-9A73-4A1C-8083-18E2D98C4215}.Ad-Hoc|x64.Build.0 = Release|Any CPU
		{070DCA43-9A73-4A1C-8083-18E2D98C4215}.Ad-Hoc|x64.Deploy.0 = Release|Any CPU
		{070DCA43-9A73-4A1C-8083-18E2D98C4215}.Ad-Hoc|x86.ActiveCfg = Release|Any CPU
		{070DCA43-9A73-4A1C-8083-18E2D98C4215}.Ad-Hoc|x86.Build.0 = Release|Any CPU
		{070DCA43-9A73-4A1C-8083-18E2D98C4215}.Ad-Hoc|x86.Deploy.0 = Release|Any CPU
		{070DCA43-9A73-4A1C-8083-18E2D98C4215}.AppStore|Any CPU.ActiveCfg = Release|Any CPU
		{070DCA43-9A73-4A1C-8083-18E2D98C4215}.AppStore|Any CPU.Build.0 = Release|Any CPU
		{070DCA43-9A73-4A1C-8083-18E2D98C4215}.AppStore|Any CPU.Deploy.0 = Release|Any CPU
		{070DCA43-9A73-4A1C-8083-18E2D98C4215}.AppStore|ARM.ActiveCfg = Release|Any CPU
		{070DCA43-9A73-4A1C-8083-18E2D98C4215}.AppStore|ARM.Build.0 = Release|Any CPU
		{070DCA43-9A73-4A1C-8083-18E2D98C4215}.AppStore|ARM.Deploy.0 = Release|Any CPU
		{070DCA43-9A73-4A1C-8083-18E2D98C4215}.AppStore|iPhone.ActiveCfg = Release|Any CPU
		{070DCA43-9A73-4A1C-8083-18E2D98C4215}.AppStore|iPhone.Build.0 = Release|Any CPU
		{070DCA43-9A73-4A1C-8083-18E2D98C4215}.AppStore|iPhone.Deploy.0 = Release|Any CPU
		{070DCA43-9A73-4A1C-8083-18E2D98C4215}.AppStore|iPhoneSimulator.ActiveCfg = Release|Any CPU
		{070DCA43-9A73-4A1C-8083-18E2D98C4215}.AppStore|iPhoneSimulator.Build.0 = Release|Any CPU
		{070DCA43-9A73-4A1C-8083-18E2D98C4215}.AppStore|iPhoneSimulator.Deploy.0 = Release|Any CPU
		{070DCA43-9A73-4A1C-8083-18E2D98C4215}.AppStore|x64.ActiveCfg = Release|Any CPU
		{070DCA43-9A73-4A1C-8083-18E2D98C4215}.AppStore|x64.Build.0 = Release|Any CPU
		{070DCA43-9A73-4A1C-8083-18E2D98C4215}.AppStore|x64.Deploy.0 = Release|Any CPU
		{070DCA43-9A73-4A1C-8083-18E2D98C4215}.AppStore|x86.ActiveCfg = Release|Any CPU
		{070DCA43-9A73-4A1C-8083-18E2D98C4215}.AppStore|x86.Build.0 = Release|Any CPU
		{070DCA43-9A73-4A1C-8083-18E2D98C4215}.AppStore|x86.Deploy.0 = Release|Any CPU
		{070DCA43-9A73-4A1C-8083-18E2D98C4215}.Debug|Any CPU.ActiveCfg = Debug|Any CPU
		{070DCA43-9A73-4A1C-8083-18E2D98C4215}.Debug|Any CPU.Build.0 = Debug|Any CPU
		{070DCA43-9A73-4A1C-8083-18E2D98C4215}.Debug|Any CPU.Deploy.0 = Debug|Any CPU
		{070DCA43-9A73-4A1C-8083-18E2D98C4215}.Debug|ARM.ActiveCfg = Debug|Any CPU
		{070DCA43-9A73-4A1C-8083-18E2D98C4215}.Debug|ARM.Build.0 = Debug|Any CPU
		{070DCA43-9A73-4A1C-8083-18E2D98C4215}.Debug|ARM.Deploy.0 = Debug|Any CPU
		{070DCA43-9A73-4A1C-8083-18E2D98C4215}.Debug|iPhone.ActiveCfg = Debug|Any CPU
		{070DCA43-9A73-4A1C-8083-18E2D98C4215}.Debug|iPhone.Build.0 = Debug|Any CPU
		{070DCA43-9A73-4A1C-8083-18E2D98C4215}.Debug|iPhone.Deploy.0 = Debug|Any CPU
		{070DCA43-9A73-4A1C-8083-18E2D98C4215}.Debug|iPhoneSimulator.ActiveCfg = Debug|Any CPU
		{070DCA43-9A73-4A1C-8083-18E2D98C4215}.Debug|iPhoneSimulator.Build.0 = Debug|Any CPU
		{070DCA43-9A73-4A1C-8083-18E2D98C4215}.Debug|iPhoneSimulator.Deploy.0 = Debug|Any CPU
		{070DCA43-9A73-4A1C-8083-18E2D98C4215}.Debug|x64.ActiveCfg = Debug|Any CPU
		{070DCA43-9A73-4A1C-8083-18E2D98C4215}.Debug|x64.Build.0 = Debug|Any CPU
		{070DCA43-9A73-4A1C-8083-18E2D98C4215}.Debug|x64.Deploy.0 = Debug|Any CPU
		{070DCA43-9A73-4A1C-8083-18E2D98C4215}.Debug|x86.ActiveCfg = Debug|Any CPU
		{070DCA43-9A73-4A1C-8083-18E2D98C4215}.Debug|x86.Build.0 = Debug|Any CPU
		{070DCA43-9A73-4A1C-8083-18E2D98C4215}.Debug|x86.Deploy.0 = Debug|Any CPU
		{070DCA43-9A73-4A1C-8083-18E2D98C4215}.Release|Any CPU.ActiveCfg = Release|Any CPU
		{070DCA43-9A73-4A1C-8083-18E2D98C4215}.Release|Any CPU.Build.0 = Release|Any CPU
		{070DCA43-9A73-4A1C-8083-18E2D98C4215}.Release|Any CPU.Deploy.0 = Release|Any CPU
		{070DCA43-9A73-4A1C-8083-18E2D98C4215}.Release|ARM.ActiveCfg = Release|Any CPU
		{070DCA43-9A73-4A1C-8083-18E2D98C4215}.Release|ARM.Build.0 = Release|Any CPU
		{070DCA43-9A73-4A1C-8083-18E2D98C4215}.Release|ARM.Deploy.0 = Release|Any CPU
		{070DCA43-9A73-4A1C-8083-18E2D98C4215}.Release|iPhone.ActiveCfg = Release|Any CPU
		{070DCA43-9A73-4A1C-8083-18E2D98C4215}.Release|iPhone.Build.0 = Release|Any CPU
		{070DCA43-9A73-4A1C-8083-18E2D98C4215}.Release|iPhone.Deploy.0 = Release|Any CPU
		{070DCA43-9A73-4A1C-8083-18E2D98C4215}.Release|iPhoneSimulator.ActiveCfg = Release|Any CPU
		{070DCA43-9A73-4A1C-8083-18E2D98C4215}.Release|iPhoneSimulator.Build.0 = Release|Any CPU
		{070DCA43-9A73-4A1C-8083-18E2D98C4215}.Release|iPhoneSimulator.Deploy.0 = Release|Any CPU
		{070DCA43-9A73-4A1C-8083-18E2D98C4215}.Release|x64.ActiveCfg = Release|Any CPU
		{070DCA43-9A73-4A1C-8083-18E2D98C4215}.Release|x64.Build.0 = Release|Any CPU
		{070DCA43-9A73-4A1C-8083-18E2D98C4215}.Release|x64.Deploy.0 = Release|Any CPU
		{070DCA43-9A73-4A1C-8083-18E2D98C4215}.Release|x86.ActiveCfg = Release|Any CPU
		{070DCA43-9A73-4A1C-8083-18E2D98C4215}.Release|x86.Build.0 = Release|Any CPU
		{070DCA43-9A73-4A1C-8083-18E2D98C4215}.Release|x86.Deploy.0 = Release|Any CPU
		{F1F0A77E-F3FC-4975-9EDF-9CE336B4EE94}.Ad-Hoc|Any CPU.ActiveCfg = Ad-Hoc|iPhone
		{F1F0A77E-F3FC-4975-9EDF-9CE336B4EE94}.Ad-Hoc|Any CPU.Build.0 = Ad-Hoc|iPhone
		{F1F0A77E-F3FC-4975-9EDF-9CE336B4EE94}.Ad-Hoc|Any CPU.Deploy.0 = Ad-Hoc|iPhone
		{F1F0A77E-F3FC-4975-9EDF-9CE336B4EE94}.Ad-Hoc|ARM.ActiveCfg = Ad-Hoc|iPhone
		{F1F0A77E-F3FC-4975-9EDF-9CE336B4EE94}.Ad-Hoc|ARM.Build.0 = Ad-Hoc|iPhone
		{F1F0A77E-F3FC-4975-9EDF-9CE336B4EE94}.Ad-Hoc|ARM.Deploy.0 = Ad-Hoc|iPhone
		{F1F0A77E-F3FC-4975-9EDF-9CE336B4EE94}.Ad-Hoc|iPhone.ActiveCfg = Ad-Hoc|iPhone
		{F1F0A77E-F3FC-4975-9EDF-9CE336B4EE94}.Ad-Hoc|iPhone.Build.0 = Ad-Hoc|iPhone
		{F1F0A77E-F3FC-4975-9EDF-9CE336B4EE94}.Ad-Hoc|iPhone.Deploy.0 = Ad-Hoc|iPhone
		{F1F0A77E-F3FC-4975-9EDF-9CE336B4EE94}.Ad-Hoc|iPhoneSimulator.ActiveCfg = Ad-Hoc|iPhoneSimulator
		{F1F0A77E-F3FC-4975-9EDF-9CE336B4EE94}.Ad-Hoc|iPhoneSimulator.Build.0 = Ad-Hoc|iPhoneSimulator
		{F1F0A77E-F3FC-4975-9EDF-9CE336B4EE94}.Ad-Hoc|iPhoneSimulator.Deploy.0 = Ad-Hoc|iPhoneSimulator
		{F1F0A77E-F3FC-4975-9EDF-9CE336B4EE94}.Ad-Hoc|x64.ActiveCfg = Ad-Hoc|iPhone
		{F1F0A77E-F3FC-4975-9EDF-9CE336B4EE94}.Ad-Hoc|x64.Build.0 = Ad-Hoc|iPhone
		{F1F0A77E-F3FC-4975-9EDF-9CE336B4EE94}.Ad-Hoc|x64.Deploy.0 = Ad-Hoc|iPhone
		{F1F0A77E-F3FC-4975-9EDF-9CE336B4EE94}.Ad-Hoc|x86.ActiveCfg = Ad-Hoc|iPhone
		{F1F0A77E-F3FC-4975-9EDF-9CE336B4EE94}.Ad-Hoc|x86.Build.0 = Ad-Hoc|iPhone
		{F1F0A77E-F3FC-4975-9EDF-9CE336B4EE94}.Ad-Hoc|x86.Deploy.0 = Ad-Hoc|iPhone
		{F1F0A77E-F3FC-4975-9EDF-9CE336B4EE94}.AppStore|Any CPU.ActiveCfg = AppStore|iPhone
		{F1F0A77E-F3FC-4975-9EDF-9CE336B4EE94}.AppStore|Any CPU.Build.0 = AppStore|iPhone
		{F1F0A77E-F3FC-4975-9EDF-9CE336B4EE94}.AppStore|Any CPU.Deploy.0 = AppStore|iPhone
		{F1F0A77E-F3FC-4975-9EDF-9CE336B4EE94}.AppStore|ARM.ActiveCfg = AppStore|iPhone
		{F1F0A77E-F3FC-4975-9EDF-9CE336B4EE94}.AppStore|ARM.Build.0 = AppStore|iPhone
		{F1F0A77E-F3FC-4975-9EDF-9CE336B4EE94}.AppStore|ARM.Deploy.0 = AppStore|iPhone
		{F1F0A77E-F3FC-4975-9EDF-9CE336B4EE94}.AppStore|iPhone.ActiveCfg = AppStore|iPhone
		{F1F0A77E-F3FC-4975-9EDF-9CE336B4EE94}.AppStore|iPhone.Build.0 = AppStore|iPhone
		{F1F0A77E-F3FC-4975-9EDF-9CE336B4EE94}.AppStore|iPhone.Deploy.0 = AppStore|iPhone
		{F1F0A77E-F3FC-4975-9EDF-9CE336B4EE94}.AppStore|iPhoneSimulator.ActiveCfg = AppStore|iPhoneSimulator
		{F1F0A77E-F3FC-4975-9EDF-9CE336B4EE94}.AppStore|iPhoneSimulator.Build.0 = AppStore|iPhoneSimulator
		{F1F0A77E-F3FC-4975-9EDF-9CE336B4EE94}.AppStore|iPhoneSimulator.Deploy.0 = AppStore|iPhoneSimulator
		{F1F0A77E-F3FC-4975-9EDF-9CE336B4EE94}.AppStore|x64.ActiveCfg = AppStore|iPhone
		{F1F0A77E-F3FC-4975-9EDF-9CE336B4EE94}.AppStore|x64.Build.0 = AppStore|iPhone
		{F1F0A77E-F3FC-4975-9EDF-9CE336B4EE94}.AppStore|x64.Deploy.0 = AppStore|iPhone
		{F1F0A77E-F3FC-4975-9EDF-9CE336B4EE94}.AppStore|x86.ActiveCfg = AppStore|iPhone
		{F1F0A77E-F3FC-4975-9EDF-9CE336B4EE94}.AppStore|x86.Build.0 = AppStore|iPhone
		{F1F0A77E-F3FC-4975-9EDF-9CE336B4EE94}.AppStore|x86.Deploy.0 = AppStore|iPhone
		{F1F0A77E-F3FC-4975-9EDF-9CE336B4EE94}.Debug|Any CPU.ActiveCfg = Debug|iPhoneSimulator
		{F1F0A77E-F3FC-4975-9EDF-9CE336B4EE94}.Debug|Any CPU.Build.0 = Debug|iPhoneSimulator
		{F1F0A77E-F3FC-4975-9EDF-9CE336B4EE94}.Debug|Any CPU.Deploy.0 = Debug|iPhoneSimulator
		{F1F0A77E-F3FC-4975-9EDF-9CE336B4EE94}.Debug|ARM.ActiveCfg = Debug|iPhone
		{F1F0A77E-F3FC-4975-9EDF-9CE336B4EE94}.Debug|ARM.Build.0 = Debug|iPhone
		{F1F0A77E-F3FC-4975-9EDF-9CE336B4EE94}.Debug|ARM.Deploy.0 = Debug|iPhone
		{F1F0A77E-F3FC-4975-9EDF-9CE336B4EE94}.Debug|iPhone.ActiveCfg = Debug|iPhone
		{F1F0A77E-F3FC-4975-9EDF-9CE336B4EE94}.Debug|iPhone.Build.0 = Debug|iPhone
		{F1F0A77E-F3FC-4975-9EDF-9CE336B4EE94}.Debug|iPhone.Deploy.0 = Debug|iPhone
		{F1F0A77E-F3FC-4975-9EDF-9CE336B4EE94}.Debug|iPhoneSimulator.ActiveCfg = Debug|iPhoneSimulator
		{F1F0A77E-F3FC-4975-9EDF-9CE336B4EE94}.Debug|iPhoneSimulator.Build.0 = Debug|iPhoneSimulator
		{F1F0A77E-F3FC-4975-9EDF-9CE336B4EE94}.Debug|iPhoneSimulator.Deploy.0 = Debug|iPhoneSimulator
		{F1F0A77E-F3FC-4975-9EDF-9CE336B4EE94}.Debug|x64.ActiveCfg = Debug|iPhone
		{F1F0A77E-F3FC-4975-9EDF-9CE336B4EE94}.Debug|x64.Build.0 = Debug|iPhone
		{F1F0A77E-F3FC-4975-9EDF-9CE336B4EE94}.Debug|x64.Deploy.0 = Debug|iPhone
		{F1F0A77E-F3FC-4975-9EDF-9CE336B4EE94}.Debug|x86.ActiveCfg = Debug|iPhone
		{F1F0A77E-F3FC-4975-9EDF-9CE336B4EE94}.Debug|x86.Build.0 = Debug|iPhone
		{F1F0A77E-F3FC-4975-9EDF-9CE336B4EE94}.Debug|x86.Deploy.0 = Debug|iPhone
		{F1F0A77E-F3FC-4975-9EDF-9CE336B4EE94}.Release|Any CPU.ActiveCfg = Release|iPhone
		{F1F0A77E-F3FC-4975-9EDF-9CE336B4EE94}.Release|Any CPU.Build.0 = Release|iPhone
		{F1F0A77E-F3FC-4975-9EDF-9CE336B4EE94}.Release|Any CPU.Deploy.0 = Release|iPhone
		{F1F0A77E-F3FC-4975-9EDF-9CE336B4EE94}.Release|ARM.ActiveCfg = Release|iPhone
		{F1F0A77E-F3FC-4975-9EDF-9CE336B4EE94}.Release|ARM.Build.0 = Release|iPhone
		{F1F0A77E-F3FC-4975-9EDF-9CE336B4EE94}.Release|ARM.Deploy.0 = Release|iPhone
		{F1F0A77E-F3FC-4975-9EDF-9CE336B4EE94}.Release|iPhone.ActiveCfg = Release|iPhone
		{F1F0A77E-F3FC-4975-9EDF-9CE336B4EE94}.Release|iPhone.Build.0 = Release|iPhone
		{F1F0A77E-F3FC-4975-9EDF-9CE336B4EE94}.Release|iPhone.Deploy.0 = Release|iPhone
		{F1F0A77E-F3FC-4975-9EDF-9CE336B4EE94}.Release|iPhoneSimulator.ActiveCfg = Release|iPhoneSimulator
		{F1F0A77E-F3FC-4975-9EDF-9CE336B4EE94}.Release|iPhoneSimulator.Build.0 = Release|iPhoneSimulator
		{F1F0A77E-F3FC-4975-9EDF-9CE336B4EE94}.Release|iPhoneSimulator.Deploy.0 = Release|iPhoneSimulator
		{F1F0A77E-F3FC-4975-9EDF-9CE336B4EE94}.Release|x64.ActiveCfg = Release|iPhone
		{F1F0A77E-F3FC-4975-9EDF-9CE336B4EE94}.Release|x64.Build.0 = Release|iPhone
		{F1F0A77E-F3FC-4975-9EDF-9CE336B4EE94}.Release|x64.Deploy.0 = Release|iPhone
		{F1F0A77E-F3FC-4975-9EDF-9CE336B4EE94}.Release|x86.ActiveCfg = Release|iPhone
		{F1F0A77E-F3FC-4975-9EDF-9CE336B4EE94}.Release|x86.Build.0 = Release|iPhone
		{F1F0A77E-F3FC-4975-9EDF-9CE336B4EE94}.Release|x86.Deploy.0 = Release|iPhone
		{B681EF53-89CA-43B7-9B12-A7797126342D}.Ad-Hoc|Any CPU.ActiveCfg = Release|x86
		{B681EF53-89CA-43B7-9B12-A7797126342D}.Ad-Hoc|Any CPU.Build.0 = Release|x86
		{B681EF53-89CA-43B7-9B12-A7797126342D}.Ad-Hoc|Any CPU.Deploy.0 = Release|x86
		{B681EF53-89CA-43B7-9B12-A7797126342D}.Ad-Hoc|ARM.ActiveCfg = Release|ARM
		{B681EF53-89CA-43B7-9B12-A7797126342D}.Ad-Hoc|ARM.Build.0 = Release|ARM
		{B681EF53-89CA-43B7-9B12-A7797126342D}.Ad-Hoc|ARM.Deploy.0 = Release|ARM
		{B681EF53-89CA-43B7-9B12-A7797126342D}.Ad-Hoc|iPhone.ActiveCfg = Release|x86
		{B681EF53-89CA-43B7-9B12-A7797126342D}.Ad-Hoc|iPhone.Build.0 = Release|x86
		{B681EF53-89CA-43B7-9B12-A7797126342D}.Ad-Hoc|iPhone.Deploy.0 = Release|x86
		{B681EF53-89CA-43B7-9B12-A7797126342D}.Ad-Hoc|iPhoneSimulator.ActiveCfg = Release|x86
		{B681EF53-89CA-43B7-9B12-A7797126342D}.Ad-Hoc|iPhoneSimulator.Build.0 = Release|x86
		{B681EF53-89CA-43B7-9B12-A7797126342D}.Ad-Hoc|iPhoneSimulator.Deploy.0 = Release|x86
		{B681EF53-89CA-43B7-9B12-A7797126342D}.Ad-Hoc|x64.ActiveCfg = Release|x64
		{B681EF53-89CA-43B7-9B12-A7797126342D}.Ad-Hoc|x64.Build.0 = Release|x64
		{B681EF53-89CA-43B7-9B12-A7797126342D}.Ad-Hoc|x64.Deploy.0 = Release|x64
		{B681EF53-89CA-43B7-9B12-A7797126342D}.Ad-Hoc|x86.ActiveCfg = Release|x86
		{B681EF53-89CA-43B7-9B12-A7797126342D}.Ad-Hoc|x86.Build.0 = Release|x86
		{B681EF53-89CA-43B7-9B12-A7797126342D}.Ad-Hoc|x86.Deploy.0 = Release|x86
		{B681EF53-89CA-43B7-9B12-A7797126342D}.AppStore|Any CPU.ActiveCfg = Release|x86
		{B681EF53-89CA-43B7-9B12-A7797126342D}.AppStore|Any CPU.Build.0 = Release|x86
		{B681EF53-89CA-43B7-9B12-A7797126342D}.AppStore|Any CPU.Deploy.0 = Release|x86
		{B681EF53-89CA-43B7-9B12-A7797126342D}.AppStore|ARM.ActiveCfg = Release|ARM
		{B681EF53-89CA-43B7-9B12-A7797126342D}.AppStore|ARM.Build.0 = Release|ARM
		{B681EF53-89CA-43B7-9B12-A7797126342D}.AppStore|ARM.Deploy.0 = Release|ARM
		{B681EF53-89CA-43B7-9B12-A7797126342D}.AppStore|iPhone.ActiveCfg = Release|x86
		{B681EF53-89CA-43B7-9B12-A7797126342D}.AppStore|iPhone.Build.0 = Release|x86
		{B681EF53-89CA-43B7-9B12-A7797126342D}.AppStore|iPhone.Deploy.0 = Release|x86
		{B681EF53-89CA-43B7-9B12-A7797126342D}.AppStore|iPhoneSimulator.ActiveCfg = Release|x86
		{B681EF53-89CA-43B7-9B12-A7797126342D}.AppStore|iPhoneSimulator.Build.0 = Release|x86
		{B681EF53-89CA-43B7-9B12-A7797126342D}.AppStore|iPhoneSimulator.Deploy.0 = Release|x86
		{B681EF53-89CA-43B7-9B12-A7797126342D}.AppStore|x64.ActiveCfg = Release|x64
		{B681EF53-89CA-43B7-9B12-A7797126342D}.AppStore|x64.Build.0 = Release|x64
		{B681EF53-89CA-43B7-9B12-A7797126342D}.AppStore|x64.Deploy.0 = Release|x64
		{B681EF53-89CA-43B7-9B12-A7797126342D}.AppStore|x86.ActiveCfg = Release|x86
		{B681EF53-89CA-43B7-9B12-A7797126342D}.AppStore|x86.Build.0 = Release|x86
		{B681EF53-89CA-43B7-9B12-A7797126342D}.AppStore|x86.Deploy.0 = Release|x86
		{B681EF53-89CA-43B7-9B12-A7797126342D}.Debug|Any CPU.ActiveCfg = Debug|x86
		{B681EF53-89CA-43B7-9B12-A7797126342D}.Debug|Any CPU.Build.0 = Debug|x86
		{B681EF53-89CA-43B7-9B12-A7797126342D}.Debug|Any CPU.Deploy.0 = Debug|x86
		{B681EF53-89CA-43B7-9B12-A7797126342D}.Debug|ARM.ActiveCfg = Debug|ARM
		{B681EF53-89CA-43B7-9B12-A7797126342D}.Debug|ARM.Build.0 = Debug|ARM
		{B681EF53-89CA-43B7-9B12-A7797126342D}.Debug|ARM.Deploy.0 = Debug|ARM
		{B681EF53-89CA-43B7-9B12-A7797126342D}.Debug|iPhone.ActiveCfg = Debug|x86
		{B681EF53-89CA-43B7-9B12-A7797126342D}.Debug|iPhone.Build.0 = Debug|x86
		{B681EF53-89CA-43B7-9B12-A7797126342D}.Debug|iPhone.Deploy.0 = Debug|x86
		{B681EF53-89CA-43B7-9B12-A7797126342D}.Debug|iPhoneSimulator.ActiveCfg = Debug|x86
		{B681EF53-89CA-43B7-9B12-A7797126342D}.Debug|iPhoneSimulator.Build.0 = Debug|x86
		{B681EF53-89CA-43B7-9B12-A7797126342D}.Debug|iPhoneSimulator.Deploy.0 = Debug|x86
		{B681EF53-89CA-43B7-9B12-A7797126342D}.Debug|x64.ActiveCfg = Debug|x64
		{B681EF53-89CA-43B7-9B12-A7797126342D}.Debug|x64.Build.0 = Debug|x64
		{B681EF53-89CA-43B7-9B12-A7797126342D}.Debug|x64.Deploy.0 = Debug|x64
		{B681EF53-89CA-43B7-9B12-A7797126342D}.Debug|x86.ActiveCfg = Debug|x86
		{B681EF53-89CA-43B7-9B12-A7797126342D}.Debug|x86.Build.0 = Debug|x86
		{B681EF53-89CA-43B7-9B12-A7797126342D}.Debug|x86.Deploy.0 = Debug|x86
		{B681EF53-89CA-43B7-9B12-A7797126342D}.Release|Any CPU.ActiveCfg = Release|x86
		{B681EF53-89CA-43B7-9B12-A7797126342D}.Release|Any CPU.Build.0 = Release|x86
		{B681EF53-89CA-43B7-9B12-A7797126342D}.Release|Any CPU.Deploy.0 = Release|x86
		{B681EF53-89CA-43B7-9B12-A7797126342D}.Release|ARM.ActiveCfg = Release|ARM
		{B681EF53-89CA-43B7-9B12-A7797126342D}.Release|ARM.Build.0 = Release|ARM
		{B681EF53-89CA-43B7-9B12-A7797126342D}.Release|ARM.Deploy.0 = Release|ARM
		{B681EF53-89CA-43B7-9B12-A7797126342D}.Release|iPhone.ActiveCfg = Release|x86
		{B681EF53-89CA-43B7-9B12-A7797126342D}.Release|iPhone.Build.0 = Release|x86
		{B681EF53-89CA-43B7-9B12-A7797126342D}.Release|iPhone.Deploy.0 = Release|x86
		{B681EF53-89CA-43B7-9B12-A7797126342D}.Release|iPhoneSimulator.ActiveCfg = Release|x86
		{B681EF53-89CA-43B7-9B12-A7797126342D}.Release|iPhoneSimulator.Build.0 = Release|x86
		{B681EF53-89CA-43B7-9B12-A7797126342D}.Release|iPhoneSimulator.Deploy.0 = Release|x86
		{B681EF53-89CA-43B7-9B12-A7797126342D}.Release|x64.ActiveCfg = Release|x64
		{B681EF53-89CA-43B7-9B12-A7797126342D}.Release|x64.Build.0 = Release|x64
		{B681EF53-89CA-43B7-9B12-A7797126342D}.Release|x64.Deploy.0 = Release|x64
		{B681EF53-89CA-43B7-9B12-A7797126342D}.Release|x86.ActiveCfg = Release|x86
		{B681EF53-89CA-43B7-9B12-A7797126342D}.Release|x86.Build.0 = Release|x86
		{B681EF53-89CA-43B7-9B12-A7797126342D}.Release|x86.Deploy.0 = Release|x86
		{3A73AB18-6CAD-4CF5-BB9D-87C94AFBD314}.Ad-Hoc|Any CPU.ActiveCfg = Debug|Any CPU
		{3A73AB18-6CAD-4CF5-BB9D-87C94AFBD314}.Ad-Hoc|Any CPU.Build.0 = Debug|Any CPU
		{3A73AB18-6CAD-4CF5-BB9D-87C94AFBD314}.Ad-Hoc|Any CPU.Deploy.0 = Debug|Any CPU
		{3A73AB18-6CAD-4CF5-BB9D-87C94AFBD314}.Ad-Hoc|ARM.ActiveCfg = Debug|Any CPU
		{3A73AB18-6CAD-4CF5-BB9D-87C94AFBD314}.Ad-Hoc|ARM.Build.0 = Debug|Any CPU
		{3A73AB18-6CAD-4CF5-BB9D-87C94AFBD314}.Ad-Hoc|ARM.Deploy.0 = Debug|Any CPU
		{3A73AB18-6CAD-4CF5-BB9D-87C94AFBD314}.Ad-Hoc|iPhone.ActiveCfg = Debug|Any CPU
		{3A73AB18-6CAD-4CF5-BB9D-87C94AFBD314}.Ad-Hoc|iPhone.Build.0 = Debug|Any CPU
		{3A73AB18-6CAD-4CF5-BB9D-87C94AFBD314}.Ad-Hoc|iPhone.Deploy.0 = Debug|Any CPU
		{3A73AB18-6CAD-4CF5-BB9D-87C94AFBD314}.Ad-Hoc|iPhoneSimulator.ActiveCfg = Debug|Any CPU
		{3A73AB18-6CAD-4CF5-BB9D-87C94AFBD314}.Ad-Hoc|iPhoneSimulator.Build.0 = Debug|Any CPU
		{3A73AB18-6CAD-4CF5-BB9D-87C94AFBD314}.Ad-Hoc|iPhoneSimulator.Deploy.0 = Debug|Any CPU
		{3A73AB18-6CAD-4CF5-BB9D-87C94AFBD314}.Ad-Hoc|x64.ActiveCfg = Debug|Any CPU
		{3A73AB18-6CAD-4CF5-BB9D-87C94AFBD314}.Ad-Hoc|x64.Build.0 = Debug|Any CPU
		{3A73AB18-6CAD-4CF5-BB9D-87C94AFBD314}.Ad-Hoc|x64.Deploy.0 = Debug|Any CPU
		{3A73AB18-6CAD-4CF5-BB9D-87C94AFBD314}.Ad-Hoc|x86.ActiveCfg = Debug|Any CPU
		{3A73AB18-6CAD-4CF5-BB9D-87C94AFBD314}.Ad-Hoc|x86.Build.0 = Debug|Any CPU
		{3A73AB18-6CAD-4CF5-BB9D-87C94AFBD314}.Ad-Hoc|x86.Deploy.0 = Debug|Any CPU
		{3A73AB18-6CAD-4CF5-BB9D-87C94AFBD314}.AppStore|Any CPU.ActiveCfg = Debug|Any CPU
		{3A73AB18-6CAD-4CF5-BB9D-87C94AFBD314}.AppStore|Any CPU.Build.0 = Debug|Any CPU
		{3A73AB18-6CAD-4CF5-BB9D-87C94AFBD314}.AppStore|Any CPU.Deploy.0 = Debug|Any CPU
		{3A73AB18-6CAD-4CF5-BB9D-87C94AFBD314}.AppStore|ARM.ActiveCfg = Debug|Any CPU
		{3A73AB18-6CAD-4CF5-BB9D-87C94AFBD314}.AppStore|ARM.Build.0 = Debug|Any CPU
		{3A73AB18-6CAD-4CF5-BB9D-87C94AFBD314}.AppStore|ARM.Deploy.0 = Debug|Any CPU
		{3A73AB18-6CAD-4CF5-BB9D-87C94AFBD314}.AppStore|iPhone.ActiveCfg = Debug|Any CPU
		{3A73AB18-6CAD-4CF5-BB9D-87C94AFBD314}.AppStore|iPhone.Build.0 = Debug|Any CPU
		{3A73AB18-6CAD-4CF5-BB9D-87C94AFBD314}.AppStore|iPhone.Deploy.0 = Debug|Any CPU
		{3A73AB18-6CAD-4CF5-BB9D-87C94AFBD314}.AppStore|iPhoneSimulator.ActiveCfg = Debug|Any CPU
		{3A73AB18-6CAD-4CF5-BB9D-87C94AFBD314}.AppStore|iPhoneSimulator.Build.0 = Debug|Any CPU
		{3A73AB18-6CAD-4CF5-BB9D-87C94AFBD314}.AppStore|iPhoneSimulator.Deploy.0 = Debug|Any CPU
		{3A73AB18-6CAD-4CF5-BB9D-87C94AFBD314}.AppStore|x64.ActiveCfg = Debug|Any CPU
		{3A73AB18-6CAD-4CF5-BB9D-87C94AFBD314}.AppStore|x64.Build.0 = Debug|Any CPU
		{3A73AB18-6CAD-4CF5-BB9D-87C94AFBD314}.AppStore|x64.Deploy.0 = Debug|Any CPU
		{3A73AB18-6CAD-4CF5-BB9D-87C94AFBD314}.AppStore|x86.ActiveCfg = Debug|Any CPU
		{3A73AB18-6CAD-4CF5-BB9D-87C94AFBD314}.AppStore|x86.Build.0 = Debug|Any CPU
		{3A73AB18-6CAD-4CF5-BB9D-87C94AFBD314}.AppStore|x86.Deploy.0 = Debug|Any CPU
		{3A73AB18-6CAD-4CF5-BB9D-87C94AFBD314}.Debug|Any CPU.ActiveCfg = Debug|Any CPU
		{3A73AB18-6CAD-4CF5-BB9D-87C94AFBD314}.Debug|Any CPU.Build.0 = Debug|Any CPU
		{3A73AB18-6CAD-4CF5-BB9D-87C94AFBD314}.Debug|Any CPU.Deploy.0 = Debug|Any CPU
		{3A73AB18-6CAD-4CF5-BB9D-87C94AFBD314}.Debug|ARM.ActiveCfg = Debug|Any CPU
		{3A73AB18-6CAD-4CF5-BB9D-87C94AFBD314}.Debug|ARM.Build.0 = Debug|Any CPU
		{3A73AB18-6CAD-4CF5-BB9D-87C94AFBD314}.Debug|ARM.Deploy.0 = Debug|Any CPU
		{3A73AB18-6CAD-4CF5-BB9D-87C94AFBD314}.Debug|iPhone.ActiveCfg = Debug|Any CPU
		{3A73AB18-6CAD-4CF5-BB9D-87C94AFBD314}.Debug|iPhone.Build.0 = Debug|Any CPU
		{3A73AB18-6CAD-4CF5-BB9D-87C94AFBD314}.Debug|iPhone.Deploy.0 = Debug|Any CPU
		{3A73AB18-6CAD-4CF5-BB9D-87C94AFBD314}.Debug|iPhoneSimulator.ActiveCfg = Debug|Any CPU
		{3A73AB18-6CAD-4CF5-BB9D-87C94AFBD314}.Debug|iPhoneSimulator.Build.0 = Debug|Any CPU
		{3A73AB18-6CAD-4CF5-BB9D-87C94AFBD314}.Debug|iPhoneSimulator.Deploy.0 = Debug|Any CPU
		{3A73AB18-6CAD-4CF5-BB9D-87C94AFBD314}.Debug|x64.ActiveCfg = Debug|Any CPU
		{3A73AB18-6CAD-4CF5-BB9D-87C94AFBD314}.Debug|x64.Build.0 = Debug|Any CPU
		{3A73AB18-6CAD-4CF5-BB9D-87C94AFBD314}.Debug|x64.Deploy.0 = Debug|Any CPU
		{3A73AB18-6CAD-4CF5-BB9D-87C94AFBD314}.Debug|x86.ActiveCfg = Debug|Any CPU
		{3A73AB18-6CAD-4CF5-BB9D-87C94AFBD314}.Debug|x86.Build.0 = Debug|Any CPU
		{3A73AB18-6CAD-4CF5-BB9D-87C94AFBD314}.Debug|x86.Deploy.0 = Debug|Any CPU
		{3A73AB18-6CAD-4CF5-BB9D-87C94AFBD314}.Release|Any CPU.ActiveCfg = Release|Any CPU
		{3A73AB18-6CAD-4CF5-BB9D-87C94AFBD314}.Release|Any CPU.Build.0 = Release|Any CPU
		{3A73AB18-6CAD-4CF5-BB9D-87C94AFBD314}.Release|Any CPU.Deploy.0 = Release|Any CPU
		{3A73AB18-6CAD-4CF5-BB9D-87C94AFBD314}.Release|ARM.ActiveCfg = Release|Any CPU
		{3A73AB18-6CAD-4CF5-BB9D-87C94AFBD314}.Release|ARM.Build.0 = Release|Any CPU
		{3A73AB18-6CAD-4CF5-BB9D-87C94AFBD314}.Release|ARM.Deploy.0 = Release|Any CPU
		{3A73AB18-6CAD-4CF5-BB9D-87C94AFBD314}.Release|iPhone.ActiveCfg = Release|Any CPU
		{3A73AB18-6CAD-4CF5-BB9D-87C94AFBD314}.Release|iPhone.Build.0 = Release|Any CPU
		{3A73AB18-6CAD-4CF5-BB9D-87C94AFBD314}.Release|iPhone.Deploy.0 = Release|Any CPU
		{3A73AB18-6CAD-4CF5-BB9D-87C94AFBD314}.Release|iPhoneSimulator.ActiveCfg = Release|Any CPU
		{3A73AB18-6CAD-4CF5-BB9D-87C94AFBD314}.Release|iPhoneSimulator.Build.0 = Release|Any CPU
		{3A73AB18-6CAD-4CF5-BB9D-87C94AFBD314}.Release|iPhoneSimulator.Deploy.0 = Release|Any CPU
		{3A73AB18-6CAD-4CF5-BB9D-87C94AFBD314}.Release|x64.ActiveCfg = Release|Any CPU
		{3A73AB18-6CAD-4CF5-BB9D-87C94AFBD314}.Release|x64.Build.0 = Release|Any CPU
		{3A73AB18-6CAD-4CF5-BB9D-87C94AFBD314}.Release|x64.Deploy.0 = Release|Any CPU
		{3A73AB18-6CAD-4CF5-BB9D-87C94AFBD314}.Release|x86.ActiveCfg = Release|Any CPU
		{3A73AB18-6CAD-4CF5-BB9D-87C94AFBD314}.Release|x86.Build.0 = Release|Any CPU
		{3A73AB18-6CAD-4CF5-BB9D-87C94AFBD314}.Release|x86.Deploy.0 = Release|Any CPU
	EndGlobalSection
	GlobalSection(SolutionProperties) = preSolution
		HideSolutionNode = FALSE
	EndGlobalSection
	GlobalSection(ExtensibilityGlobals) = postSolution
		SolutionGuid = {0B9EC006-C081-481C-BAD2-2A2B0C2F0A45}
	EndGlobalSection
EndGlobal
